
Microsoft Visual Studio Solution File, Format Version 12.00
# Visual Studio Version 17
VisualStudioVersion = 17.8.34511.84
MinimumVisualStudioVersion = 10.0.40219.1
Project("{FAE04EC0-301F-11D3-BF4B-00C04F79EFBC}") = "Project2", "Project2\Project2.csproj", "{A0F2C4CF-58D6-4C2C-969A-AE5711C634B2}"
EndProject
Global
	GlobalSection(SolutionConfigurationPlatforms) = preSolution
		Debug|Any CPU = Debug|Any CPU
		Release|Any CPU = Release|Any CPU
	EndGlobalSection
	GlobalSection(ProjectConfigurationPlatforms) = postSolution
		{A0F2C4CF-58D6-4C2C-969A-AE5711C634B2}.Debug|Any CPU.ActiveCfg = Debug|Any CPU
		{A0F2C4CF-58D6-4C2C-969A-AE5711C634B2}.Debug|Any CPU.Build.0 = Debug|Any CPU
		{A0F2C4CF-58D6-4C2C-969A-AE5711C634B2}.Release|Any CPU.ActiveCfg = Release|Any CPU
		{A0F2C4CF-58D6-4C2C-969A-AE5711C634B2}.Release|Any CPU.Build.0 = Release|Any CPU
	EndGlobalSection
	GlobalSection(SolutionProperties) = preSolution
		HideSolutionNode = FALSE
	EndGlobalSection
	GlobalSection(ExtensibilityGlobals) = postSolution
		SolutionGuid = {83F1BD18-9B94-4D7A-A195-C92F33680936}
	EndGlobalSection
EndGlobal
